
Microsoft Visual Studio Solution File, Format Version 12.00
# Visual Studio 15
VisualStudioVersion = 15.0.28307.421
MinimumVisualStudioVersion = 10.0.40219.1
Project("{FAE04EC0-301F-11D3-BF4B-00C04F79EFBC}") = "ObjetosEmprestados.Android", "ObjetosEmprestados\ObjetosEmprestados.Android\ObjetosEmprestados.Android.csproj", "{657711B1-838A-4C0E-BFB6-6998ECFF967C}"
EndProject
Project("{FAE04EC0-301F-11D3-BF4B-00C04F79EFBC}") = "ObjetosEmprestados", "ObjetosEmprestados\ObjetosEmprestados\ObjetosEmprestados.csproj", "{15D3F5F2-D6E9-4A00-AF7E-324005C4399C}"
EndProject
Global
	GlobalSection(SolutionConfigurationPlatforms) = preSolution
		Debug|Any CPU = Debug|Any CPU
		Release|Any CPU = Release|Any CPU
	EndGlobalSection
	GlobalSection(ProjectConfigurationPlatforms) = postSolution
		{657711B1-838A-4C0E-BFB6-6998ECFF967C}.Debug|Any CPU.ActiveCfg = Debug|Any CPU
		{657711B1-838A-4C0E-BFB6-6998ECFF967C}.Debug|Any CPU.Build.0 = Debug|Any CPU
		{657711B1-838A-4C0E-BFB6-6998ECFF967C}.Debug|Any CPU.Deploy.0 = Debug|Any CPU
		{657711B1-838A-4C0E-BFB6-6998ECFF967C}.Release|Any CPU.ActiveCfg = Release|Any CPU
		{657711B1-838A-4C0E-BFB6-6998ECFF967C}.Release|Any CPU.Build.0 = Release|Any CPU
		{657711B1-838A-4C0E-BFB6-6998ECFF967C}.Release|Any CPU.Deploy.0 = Release|Any CPU
		{15D3F5F2-D6E9-4A00-AF7E-324005C4399C}.Debug|Any CPU.ActiveCfg = Debug|Any CPU
		{15D3F5F2-D6E9-4A00-AF7E-324005C4399C}.Debug|Any CPU.Build.0 = Debug|Any CPU
		{15D3F5F2-D6E9-4A00-AF7E-324005C4399C}.Debug|Any CPU.Deploy.0 = Debug|Any CPU
		{15D3F5F2-D6E9-4A00-AF7E-324005C4399C}.Release|Any CPU.ActiveCfg = Release|Any CPU
		{15D3F5F2-D6E9-4A00-AF7E-324005C4399C}.Release|Any CPU.Build.0 = Release|Any CPU
		{15D3F5F2-D6E9-4A00-AF7E-324005C4399C}.Release|Any CPU.Deploy.0 = Release|Any CPU
	EndGlobalSection
	GlobalSection(SolutionProperties) = preSolution
		HideSolutionNode = FALSE
	EndGlobalSection
	GlobalSection(ExtensibilityGlobals) = postSolution
		SolutionGuid = {18E49709-39C6-48CA-9314-46EB1A946232}
	EndGlobalSection
EndGlobal
